
Microsoft Visual Studio Solution File, Format Version 12.00
# Visual Studio Version 16
VisualStudioVersion = 16.0.30011.22
MinimumVisualStudioVersion = 10.0.40219.1
Project("{FAE04EC0-301F-11D3-BF4B-00C04F79EFBC}") = "AcmeCorpBookCatalogueApi", "AcmeCorpBookCatalogueApi\AcmeCorpBookCatalogueApi.csproj", "{7EACDB83-DF89-4532-A17E-E7EE756A7CCF}"
EndProject
Project("{2150E333-8FDC-42A3-9474-1A3956D46DE8}") = "Solution Items", "Solution Items", "{91C97D3F-F6AD-48A0-96EA-020FA775BA9B}"
	ProjectSection(SolutionItems) = preProject
		README.md = README.md
	EndProjectSection
EndProject
Global
	GlobalSection(SolutionConfigurationPlatforms) = preSolution
		Debug|Any CPU = Debug|Any CPU
		Release|Any CPU = Release|Any CPU
	EndGlobalSection
	GlobalSection(ProjectConfigurationPlatforms) = postSolution
		{7EACDB83-DF89-4532-A17E-E7EE756A7CCF}.Debug|Any CPU.ActiveCfg = Debug|Any CPU
		{7EACDB83-DF89-4532-A17E-E7EE756A7CCF}.Debug|Any CPU.Build.0 = Debug|Any CPU
		{7EACDB83-DF89-4532-A17E-E7EE756A7CCF}.Release|Any CPU.ActiveCfg = Release|Any CPU
		{7EACDB83-DF89-4532-A17E-E7EE756A7CCF}.Release|Any CPU.Build.0 = Release|Any CPU
	EndGlobalSection
	GlobalSection(SolutionProperties) = preSolution
		HideSolutionNode = FALSE
	EndGlobalSection
	GlobalSection(ExtensibilityGlobals) = postSolution
		SolutionGuid = {1A62CF31-BEEB-4F9F-8E3F-55160EB9831B}
	EndGlobalSection
EndGlobal
